// !$*UTF8*$!
{
	archiveVersion = 1;
	classes = {
	};
	objectVersion = 55;
	objects = {

/* Begin PBXBuildFile section */
		8949ACF12796080F00B469F0 /* GameDetailsViewModel.swift in Sources */ = {isa = PBXBuildFile; fileRef = 8949ACF02796080F00B469F0 /* GameDetailsViewModel.swift */; };
		8949ACF32796176A00B469F0 /* DataTranferErrorResolver.swift in Sources */ = {isa = PBXBuildFile; fileRef = 8949ACF22796176A00B469F0 /* DataTranferErrorResolver.swift */; };
		8949ACFB2796B47F00B469F0 /* AuthenticationServices.framework in Frameworks */ = {isa = PBXBuildFile; fileRef = 8949ACFA2796B47F00B469F0 /* AuthenticationServices.framework */; };
		8949ACFE2796B47F00B469F0 /* AccountAuthenticationModificationViewController.swift in Sources */ = {isa = PBXBuildFile; fileRef = 8949ACFD2796B47F00B469F0 /* AccountAuthenticationModificationViewController.swift */; };
		8949AD012796B47F00B469F0 /* MainInterface.storyboard in Resources */ = {isa = PBXBuildFile; fileRef = 8949ACFF2796B47F00B469F0 /* MainInterface.storyboard */; };
		8949AD052796B47F00B469F0 /* GamesCleanArchitectureMVVM DEV.appex in Embed App Extensions */ = {isa = PBXBuildFile; fileRef = 8949ACF82796B47F00B469F0 /* GamesCleanArchitectureMVVM DEV.appex */; settings = {ATTRIBUTES = (RemoveHeadersOnCopy, ); }; };
		8949AD0E2796B71000B469F0 /* LoginViewController.swift in Sources */ = {isa = PBXBuildFile; fileRef = 8949AD0D2796B71000B469F0 /* LoginViewController.swift */; };
		8949AD0F2796B71000B469F0 /* LoginViewController.swift in Sources */ = {isa = PBXBuildFile; fileRef = 8949AD0D2796B71000B469F0 /* LoginViewController.swift */; };
		8949AD112796B75C00B469F0 /* LoginViewController.storyboard in Resources */ = {isa = PBXBuildFile; fileRef = 8949AD102796B75C00B469F0 /* LoginViewController.storyboard */; };
		8949AD122796B75C00B469F0 /* LoginViewController.storyboard in Resources */ = {isa = PBXBuildFile; fileRef = 8949AD102796B75C00B469F0 /* LoginViewController.storyboard */; };
		8949AD142796B79C00B469F0 /* LoginViewModel.swift in Sources */ = {isa = PBXBuildFile; fileRef = 8949AD132796B79C00B469F0 /* LoginViewModel.swift */; };
		8949AD152796B79C00B469F0 /* LoginViewModel.swift in Sources */ = {isa = PBXBuildFile; fileRef = 8949AD132796B79C00B469F0 /* LoginViewModel.swift */; };
		8949AD172796C52200B469F0 /* LoginFlowCoordinator.swift in Sources */ = {isa = PBXBuildFile; fileRef = 8949AD162796C52200B469F0 /* LoginFlowCoordinator.swift */; };
		8949AD182796C52200B469F0 /* LoginFlowCoordinator.swift in Sources */ = {isa = PBXBuildFile; fileRef = 8949AD162796C52200B469F0 /* LoginFlowCoordinator.swift */; };
		898B0B402793ACF1000378D3 /* EndPoint.swift in Sources */ = {isa = PBXBuildFile; fileRef = 898B0B3F2793ACF1000378D3 /* EndPoint.swift */; };
		898B0B422793AD2C000378D3 /* NetworkService.swift in Sources */ = {isa = PBXBuildFile; fileRef = 898B0B412793AD2C000378D3 /* NetworkService.swift */; };
		898B0B442793ADA1000378D3 /* DataTransferService.swift in Sources */ = {isa = PBXBuildFile; fileRef = 898B0B432793ADA1000378D3 /* DataTransferService.swift */; };
		898C58472792689C006F30A7 /* AppDelegate.swift in Sources */ = {isa = PBXBuildFile; fileRef = 898C58462792689C006F30A7 /* AppDelegate.swift */; };
		898C584B2792689C006F30A7 /* ViewController.swift in Sources */ = {isa = PBXBuildFile; fileRef = 898C584A2792689C006F30A7 /* ViewController.swift */; };
		898C58512792689C006F30A7 /* GamesCleanArchitectureMVVM.xcdatamodeld in Sources */ = {isa = PBXBuildFile; fileRef = 898C584F2792689C006F30A7 /* GamesCleanArchitectureMVVM.xcdatamodeld */; };
		898C5853279268A3006F30A7 /* Assets.xcassets in Resources */ = {isa = PBXBuildFile; fileRef = 898C5852279268A3006F30A7 /* Assets.xcassets */; };
		898C5856279268A3006F30A7 /* LaunchScreen.storyboard in Resources */ = {isa = PBXBuildFile; fileRef = 898C5854279268A3006F30A7 /* LaunchScreen.storyboard */; };
		898C5861279268A5006F30A7 /* GamesCleanArchitectureMVVMTests.swift in Sources */ = {isa = PBXBuildFile; fileRef = 898C5860279268A5006F30A7 /* GamesCleanArchitectureMVVMTests.swift */; };
		898C586B279268A5006F30A7 /* GamesCleanArchitectureMVVMUITests.swift in Sources */ = {isa = PBXBuildFile; fileRef = 898C586A279268A5006F30A7 /* GamesCleanArchitectureMVVMUITests.swift */; };
		898C586D279268A5006F30A7 /* GamesCleanArchitectureMVVMUITestsLaunchTests.swift in Sources */ = {isa = PBXBuildFile; fileRef = 898C586C279268A5006F30A7 /* GamesCleanArchitectureMVVMUITestsLaunchTests.swift */; };
		898C58822792BE12006F30A7 /* GamesListViewController.swift in Sources */ = {isa = PBXBuildFile; fileRef = 898C58812792BE12006F30A7 /* GamesListViewController.swift */; };
		898C588C2792BF70006F30A7 /* GamesListViewModel.swift in Sources */ = {isa = PBXBuildFile; fileRef = 898C588B2792BF70006F30A7 /* GamesListViewModel.swift */; };
		898C58912792C73C006F30A7 /* Storyboarded.swift in Sources */ = {isa = PBXBuildFile; fileRef = 898C58902792C73C006F30A7 /* Storyboarded.swift */; };
		898C58932792CD01006F30A7 /* GamesListViewController.storyboard in Resources */ = {isa = PBXBuildFile; fileRef = 898C58922792CD01006F30A7 /* GamesListViewController.storyboard */; };
		898C58952792D23A006F30A7 /* AppDIContainer.swift in Sources */ = {isa = PBXBuildFile; fileRef = 898C58942792D23A006F30A7 /* AppDIContainer.swift */; };
		898C58972792D28B006F30A7 /* GamesAppSceneDIContainer.swift in Sources */ = {isa = PBXBuildFile; fileRef = 898C58962792D28B006F30A7 /* GamesAppSceneDIContainer.swift */; };
		898C58992792D320006F30A7 /* AppFlowCoordinator.swift in Sources */ = {isa = PBXBuildFile; fileRef = 898C58982792D320006F30A7 /* AppFlowCoordinator.swift */; };
		898C589B2792E26F006F30A7 /* GameDetailsViewController.swift in Sources */ = {isa = PBXBuildFile; fileRef = 898C589A2792E26F006F30A7 /* GameDetailsViewController.swift */; };
		898C589D2792E28B006F30A7 /* GameDetailsViewController.storyboard in Resources */ = {isa = PBXBuildFile; fileRef = 898C589C2792E28B006F30A7 /* GameDetailsViewController.storyboard */; };
		89A1BEAD2795569300574A52 /* RequestMethodTypes.swift in Sources */ = {isa = PBXBuildFile; fileRef = 89A1BEAC2795569300574A52 /* RequestMethodTypes.swift */; };
		89A1BEAF2795789600574A52 /* Codables.swift in Sources */ = {isa = PBXBuildFile; fileRef = 89A1BEAE2795789600574A52 /* Codables.swift */; };
		89A1BEB32795803300574A52 /* Dictionaries.swift in Sources */ = {isa = PBXBuildFile; fileRef = 89A1BEB22795803300574A52 /* Dictionaries.swift */; };
		89A1BEB52795862F00574A52 /* JSONResponseDecoder.swift in Sources */ = {isa = PBXBuildFile; fileRef = 89A1BEB42795862F00574A52 /* JSONResponseDecoder.swift */; };
		89A490E82798220D00299F4C /* User.swift in Sources */ = {isa = PBXBuildFile; fileRef = 89A490E72798220D00299F4C /* User.swift */; };
		89A490E92798220D00299F4C /* User.swift in Sources */ = {isa = PBXBuildFile; fileRef = 89A490E72798220D00299F4C /* User.swift */; };
		89A490EC2798268E00299F4C /* enums.swift in Sources */ = {isa = PBXBuildFile; fileRef = 89A490EB2798268E00299F4C /* enums.swift */; };
		89A490ED2798268E00299F4C /* enums.swift in Sources */ = {isa = PBXBuildFile; fileRef = 89A490EB2798268E00299F4C /* enums.swift */; };
		89A490EF27982FC200299F4C /* LoginUseCase.swift in Sources */ = {isa = PBXBuildFile; fileRef = 89A490EE27982FC200299F4C /* LoginUseCase.swift */; };
		89A490F027982FC200299F4C /* LoginUseCase.swift in Sources */ = {isa = PBXBuildFile; fileRef = 89A490EE27982FC200299F4C /* LoginUseCase.swift */; };
		89CC9DEB27935BC6001C762A /* AppConfiguration.swift in Sources */ = {isa = PBXBuildFile; fileRef = 89CC9DEA27935BC6001C762A /* AppConfiguration.swift */; };
		89CC9DEE2793637B001C762A /* NetworkConfig.swift in Sources */ = {isa = PBXBuildFile; fileRef = 89CC9DED2793637B001C762A /* NetworkConfig.swift */; };
/* End PBXBuildFile section */

/* Begin PBXContainerItemProxy section */
		8949AD032796B47F00B469F0 /* PBXContainerItemProxy */ = {
			isa = PBXContainerItemProxy;
			containerPortal = 898C583B2792689C006F30A7 /* Project object */;
			proxyType = 1;
			remoteGlobalIDString = 8949ACF72796B47F00B469F0;
			remoteInfo = "GamesCleanArchitectureMVVM DEV";
		};
		898C585D279268A5006F30A7 /* PBXContainerItemProxy */ = {
			isa = PBXContainerItemProxy;
			containerPortal = 898C583B2792689C006F30A7 /* Project object */;
			proxyType = 1;
			remoteGlobalIDString = 898C58422792689C006F30A7;
			remoteInfo = GamesCleanArchitectureMVVM;
		};
		898C5867279268A5006F30A7 /* PBXContainerItemProxy */ = {
			isa = PBXContainerItemProxy;
			containerPortal = 898C583B2792689C006F30A7 /* Project object */;
			proxyType = 1;
			remoteGlobalIDString = 898C58422792689C006F30A7;
			remoteInfo = GamesCleanArchitectureMVVM;
		};
/* End PBXContainerItemProxy section */

/* Begin PBXCopyFilesBuildPhase section */
		8949AD092796B47F00B469F0 /* Embed App Extensions */ = {
			isa = PBXCopyFilesBuildPhase;
			buildActionMask = 2147483647;
			dstPath = "";
			dstSubfolderSpec = 13;
			files = (
				8949AD052796B47F00B469F0 /* GamesCleanArchitectureMVVM DEV.appex in Embed App Extensions */,
			);
			name = "Embed App Extensions";
			runOnlyForDeploymentPostprocessing = 0;
		};
/* End PBXCopyFilesBuildPhase section */

/* Begin PBXFileReference section */
		8949ACF02796080F00B469F0 /* GameDetailsViewModel.swift */ = {isa = PBXFileReference; lastKnownFileType = sourcecode.swift; path = GameDetailsViewModel.swift; sourceTree = "<group>"; };
		8949ACF22796176A00B469F0 /* DataTranferErrorResolver.swift */ = {isa = PBXFileReference; lastKnownFileType = sourcecode.swift; path = DataTranferErrorResolver.swift; sourceTree = "<group>"; };
		8949ACF82796B47F00B469F0 /* GamesCleanArchitectureMVVM DEV.appex */ = {isa = PBXFileReference; explicitFileType = "wrapper.app-extension"; includeInIndex = 0; path = "GamesCleanArchitectureMVVM DEV.appex"; sourceTree = BUILT_PRODUCTS_DIR; };
		8949ACFA2796B47F00B469F0 /* AuthenticationServices.framework */ = {isa = PBXFileReference; lastKnownFileType = wrapper.framework; name = AuthenticationServices.framework; path = System/Library/Frameworks/AuthenticationServices.framework; sourceTree = SDKROOT; };
		8949ACFD2796B47F00B469F0 /* AccountAuthenticationModificationViewController.swift */ = {isa = PBXFileReference; lastKnownFileType = sourcecode.swift; path = AccountAuthenticationModificationViewController.swift; sourceTree = "<group>"; };
		8949AD002796B47F00B469F0 /* Base */ = {isa = PBXFileReference; lastKnownFileType = file.storyboard; name = Base; path = Base.lproj/MainInterface.storyboard; sourceTree = "<group>"; };
		8949AD022796B47F00B469F0 /* Info.plist */ = {isa = PBXFileReference; lastKnownFileType = text.plist.xml; path = Info.plist; sourceTree = "<group>"; };
		8949AD0D2796B71000B469F0 /* LoginViewController.swift */ = {isa = PBXFileReference; lastKnownFileType = sourcecode.swift; path = LoginViewController.swift; sourceTree = "<group>"; };
		8949AD102796B75C00B469F0 /* LoginViewController.storyboard */ = {isa = PBXFileReference; lastKnownFileType = file.storyboard; path = LoginViewController.storyboard; sourceTree = "<group>"; };
		8949AD132796B79C00B469F0 /* LoginViewModel.swift */ = {isa = PBXFileReference; lastKnownFileType = sourcecode.swift; path = LoginViewModel.swift; sourceTree = "<group>"; };
		8949AD162796C52200B469F0 /* LoginFlowCoordinator.swift */ = {isa = PBXFileReference; lastKnownFileType = sourcecode.swift; path = LoginFlowCoordinator.swift; sourceTree = "<group>"; };
		898B0B3F2793ACF1000378D3 /* EndPoint.swift */ = {isa = PBXFileReference; lastKnownFileType = sourcecode.swift; path = EndPoint.swift; sourceTree = "<group>"; };
		898B0B412793AD2C000378D3 /* NetworkService.swift */ = {isa = PBXFileReference; lastKnownFileType = sourcecode.swift; path = NetworkService.swift; sourceTree = "<group>"; };
		898B0B432793ADA1000378D3 /* DataTransferService.swift */ = {isa = PBXFileReference; lastKnownFileType = sourcecode.swift; path = DataTransferService.swift; sourceTree = "<group>"; };
		898C58432792689C006F30A7 /* GamesCleanArchitectureMVVM.app */ = {isa = PBXFileReference; explicitFileType = wrapper.application; includeInIndex = 0; path = GamesCleanArchitectureMVVM.app; sourceTree = BUILT_PRODUCTS_DIR; };
		898C58462792689C006F30A7 /* AppDelegate.swift */ = {isa = PBXFileReference; lastKnownFileType = sourcecode.swift; path = AppDelegate.swift; sourceTree = "<group>"; };
		898C584A2792689C006F30A7 /* ViewController.swift */ = {isa = PBXFileReference; lastKnownFileType = sourcecode.swift; path = ViewController.swift; sourceTree = "<group>"; };
		898C58502792689C006F30A7 /* GamesCleanArchitectureMVVM.xcdatamodel */ = {isa = PBXFileReference; lastKnownFileType = wrapper.xcdatamodel; path = GamesCleanArchitectureMVVM.xcdatamodel; sourceTree = "<group>"; };
		898C5852279268A3006F30A7 /* Assets.xcassets */ = {isa = PBXFileReference; lastKnownFileType = folder.assetcatalog; path = Assets.xcassets; sourceTree = "<group>"; };
		898C5855279268A3006F30A7 /* Base */ = {isa = PBXFileReference; lastKnownFileType = file.storyboard; name = Base; path = Base.lproj/LaunchScreen.storyboard; sourceTree = "<group>"; };
		898C5857279268A3006F30A7 /* Info.plist */ = {isa = PBXFileReference; lastKnownFileType = text.plist.xml; path = Info.plist; sourceTree = "<group>"; };
		898C585C279268A5006F30A7 /* GamesCleanArchitectureMVVMTests.xctest */ = {isa = PBXFileReference; explicitFileType = wrapper.cfbundle; includeInIndex = 0; path = GamesCleanArchitectureMVVMTests.xctest; sourceTree = BUILT_PRODUCTS_DIR; };
		898C5860279268A5006F30A7 /* GamesCleanArchitectureMVVMTests.swift */ = {isa = PBXFileReference; lastKnownFileType = sourcecode.swift; path = GamesCleanArchitectureMVVMTests.swift; sourceTree = "<group>"; };
		898C5866279268A5006F30A7 /* GamesCleanArchitectureMVVMUITests.xctest */ = {isa = PBXFileReference; explicitFileType = wrapper.cfbundle; includeInIndex = 0; path = GamesCleanArchitectureMVVMUITests.xctest; sourceTree = BUILT_PRODUCTS_DIR; };
		898C586A279268A5006F30A7 /* GamesCleanArchitectureMVVMUITests.swift */ = {isa = PBXFileReference; lastKnownFileType = sourcecode.swift; path = GamesCleanArchitectureMVVMUITests.swift; sourceTree = "<group>"; };
		898C586C279268A5006F30A7 /* GamesCleanArchitectureMVVMUITestsLaunchTests.swift */ = {isa = PBXFileReference; lastKnownFileType = sourcecode.swift; path = GamesCleanArchitectureMVVMUITestsLaunchTests.swift; sourceTree = "<group>"; };
		898C58812792BE12006F30A7 /* GamesListViewController.swift */ = {isa = PBXFileReference; lastKnownFileType = sourcecode.swift; path = GamesListViewController.swift; sourceTree = "<group>"; };
		898C588B2792BF70006F30A7 /* GamesListViewModel.swift */ = {isa = PBXFileReference; lastKnownFileType = sourcecode.swift; path = GamesListViewModel.swift; sourceTree = "<group>"; };
		898C58902792C73C006F30A7 /* Storyboarded.swift */ = {isa = PBXFileReference; lastKnownFileType = sourcecode.swift; path = Storyboarded.swift; sourceTree = "<group>"; };
		898C58922792CD01006F30A7 /* GamesListViewController.storyboard */ = {isa = PBXFileReference; lastKnownFileType = file.storyboard; path = GamesListViewController.storyboard; sourceTree = "<group>"; };
		898C58942792D23A006F30A7 /* AppDIContainer.swift */ = {isa = PBXFileReference; lastKnownFileType = sourcecode.swift; path = AppDIContainer.swift; sourceTree = "<group>"; };
		898C58962792D28B006F30A7 /* GamesAppSceneDIContainer.swift */ = {isa = PBXFileReference; lastKnownFileType = sourcecode.swift; path = GamesAppSceneDIContainer.swift; sourceTree = "<group>"; };
		898C58982792D320006F30A7 /* AppFlowCoordinator.swift */ = {isa = PBXFileReference; lastKnownFileType = sourcecode.swift; path = AppFlowCoordinator.swift; sourceTree = "<group>"; };
		898C589A2792E26F006F30A7 /* GameDetailsViewController.swift */ = {isa = PBXFileReference; lastKnownFileType = sourcecode.swift; path = GameDetailsViewController.swift; sourceTree = "<group>"; };
		898C589C2792E28B006F30A7 /* GameDetailsViewController.storyboard */ = {isa = PBXFileReference; lastKnownFileType = file.storyboard; path = GameDetailsViewController.storyboard; sourceTree = "<group>"; };
		89A1BEAC2795569300574A52 /* RequestMethodTypes.swift */ = {isa = PBXFileReference; lastKnownFileType = sourcecode.swift; path = RequestMethodTypes.swift; sourceTree = "<group>"; };
		89A1BEAE2795789600574A52 /* Codables.swift */ = {isa = PBXFileReference; lastKnownFileType = sourcecode.swift; path = Codables.swift; sourceTree = "<group>"; };
		89A1BEB22795803300574A52 /* Dictionaries.swift */ = {isa = PBXFileReference; lastKnownFileType = sourcecode.swift; path = Dictionaries.swift; sourceTree = "<group>"; };
		89A1BEB42795862F00574A52 /* JSONResponseDecoder.swift */ = {isa = PBXFileReference; lastKnownFileType = sourcecode.swift; path = JSONResponseDecoder.swift; sourceTree = "<group>"; };
		89A490E72798220D00299F4C /* User.swift */ = {isa = PBXFileReference; lastKnownFileType = sourcecode.swift; path = User.swift; sourceTree = "<group>"; };
		89A490EB2798268E00299F4C /* enums.swift */ = {isa = PBXFileReference; lastKnownFileType = sourcecode.swift; path = enums.swift; sourceTree = "<group>"; };
		89A490EE27982FC200299F4C /* LoginUseCase.swift */ = {isa = PBXFileReference; lastKnownFileType = sourcecode.swift; path = LoginUseCase.swift; sourceTree = "<group>"; };
		89CC9DEA27935BC6001C762A /* AppConfiguration.swift */ = {isa = PBXFileReference; lastKnownFileType = sourcecode.swift; path = AppConfiguration.swift; sourceTree = "<group>"; };
		89CC9DED2793637B001C762A /* NetworkConfig.swift */ = {isa = PBXFileReference; lastKnownFileType = sourcecode.swift; path = NetworkConfig.swift; sourceTree = "<group>"; };
/* End PBXFileReference section */

/* Begin PBXFrameworksBuildPhase section */
		8949ACF52796B47F00B469F0 /* Frameworks */ = {
			isa = PBXFrameworksBuildPhase;
			buildActionMask = 2147483647;
			files = (
				8949ACFB2796B47F00B469F0 /* AuthenticationServices.framework in Frameworks */,
			);
			runOnlyForDeploymentPostprocessing = 0;
		};
		898C58402792689C006F30A7 /* Frameworks */ = {
			isa = PBXFrameworksBuildPhase;
			buildActionMask = 2147483647;
			files = (
			);
			runOnlyForDeploymentPostprocessing = 0;
		};
		898C5859279268A5006F30A7 /* Frameworks */ = {
			isa = PBXFrameworksBuildPhase;
			buildActionMask = 2147483647;
			files = (
			);
			runOnlyForDeploymentPostprocessing = 0;
		};
		898C5863279268A5006F30A7 /* Frameworks */ = {
			isa = PBXFrameworksBuildPhase;
			buildActionMask = 2147483647;
			files = (
			);
			runOnlyForDeploymentPostprocessing = 0;
		};
/* End PBXFrameworksBuildPhase section */

/* Begin PBXGroup section */
		8949ACF92796B47F00B469F0 /* Frameworks */ = {
			isa = PBXGroup;
			children = (
				8949ACFA2796B47F00B469F0 /* AuthenticationServices.framework */,
			);
			name = Frameworks;
			sourceTree = "<group>";
		};
		8949ACFC2796B47F00B469F0 /* GamesCleanArchitectureMVVM DEV */ = {
			isa = PBXGroup;
			children = (
				8949ACFD2796B47F00B469F0 /* AccountAuthenticationModificationViewController.swift */,
				8949ACFF2796B47F00B469F0 /* MainInterface.storyboard */,
				8949AD022796B47F00B469F0 /* Info.plist */,
			);
			path = "GamesCleanArchitectureMVVM DEV";
			sourceTree = "<group>";
		};
		8949AD0A2796B6A500B469F0 /* Login */ = {
			isa = PBXGroup;
			children = (
				8949AD0C2796B6CD00B469F0 /* View */,
				8949AD0B2796B6C300B469F0 /* ViewModel */,
			);
			path = Login;
			sourceTree = "<group>";
		};
		8949AD0B2796B6C300B469F0 /* ViewModel */ = {
			isa = PBXGroup;
			children = (
				8949AD132796B79C00B469F0 /* LoginViewModel.swift */,
			);
			path = ViewModel;
			sourceTree = "<group>";
		};
		8949AD0C2796B6CD00B469F0 /* View */ = {
			isa = PBXGroup;
			children = (
				8949AD0D2796B71000B469F0 /* LoginViewController.swift */,
				8949AD102796B75C00B469F0 /* LoginViewController.storyboard */,
			);
			path = View;
			sourceTree = "<group>";
		};
		898C583A2792689C006F30A7 = {
			isa = PBXGroup;
			children = (
				898C58452792689C006F30A7 /* GamesCleanArchitectureMVVM */,
				898C585F279268A5006F30A7 /* GamesCleanArchitectureMVVMTests */,
				898C5869279268A5006F30A7 /* GamesCleanArchitectureMVVMUITests */,
				8949ACFC2796B47F00B469F0 /* GamesCleanArchitectureMVVM DEV */,
				8949ACF92796B47F00B469F0 /* Frameworks */,
				898C58442792689C006F30A7 /* Products */,
			);
			sourceTree = "<group>";
		};
		898C58442792689C006F30A7 /* Products */ = {
			isa = PBXGroup;
			children = (
				898C58432792689C006F30A7 /* GamesCleanArchitectureMVVM.app */,
				898C585C279268A5006F30A7 /* GamesCleanArchitectureMVVMTests.xctest */,
				898C5866279268A5006F30A7 /* GamesCleanArchitectureMVVMUITests.xctest */,
				8949ACF82796B47F00B469F0 /* GamesCleanArchitectureMVVM DEV.appex */,
			);
			name = Products;
			sourceTree = "<group>";
		};
		898C58452792689C006F30A7 /* GamesCleanArchitectureMVVM */ = {
			isa = PBXGroup;
			children = (
				898C58792792B128006F30A7 /* App */,
				898C587B2792B177006F30A7 /* Presentation */,
				898C584A2792689C006F30A7 /* ViewController.swift */,
				898C587D2792B19B006F30A7 /* Domain */,
				898C587C2792B181006F30A7 /* Data */,
				898C587E2792B20D006F30A7 /* Infrastruture */,
				898C587F2792B222006F30A7 /* Common */,
				898C58802792B230006F30A7 /* Resources */,
				898C588D2792C6C0006F30A7 /* Utils */,
				898C5852279268A3006F30A7 /* Assets.xcassets */,
				898C5854279268A3006F30A7 /* LaunchScreen.storyboard */,
				898C5857279268A3006F30A7 /* Info.plist */,
				898C584F2792689C006F30A7 /* GamesCleanArchitectureMVVM.xcdatamodeld */,
			);
			path = GamesCleanArchitectureMVVM;
			sourceTree = "<group>";
		};
		898C585F279268A5006F30A7 /* GamesCleanArchitectureMVVMTests */ = {
			isa = PBXGroup;
			children = (
				898C5860279268A5006F30A7 /* GamesCleanArchitectureMVVMTests.swift */,
			);
			path = GamesCleanArchitectureMVVMTests;
			sourceTree = "<group>";
		};
		898C5869279268A5006F30A7 /* GamesCleanArchitectureMVVMUITests */ = {
			isa = PBXGroup;
			children = (
				898C586A279268A5006F30A7 /* GamesCleanArchitectureMVVMUITests.swift */,
				898C586C279268A5006F30A7 /* GamesCleanArchitectureMVVMUITestsLaunchTests.swift */,
			);
			path = GamesCleanArchitectureMVVMUITests;
			sourceTree = "<group>";
		};
		898C58792792B128006F30A7 /* App */ = {
			isa = PBXGroup;
			children = (
				898C58462792689C006F30A7 /* AppDelegate.swift */,
				898C58982792D320006F30A7 /* AppFlowCoordinator.swift */,
				89CC9DEA27935BC6001C762A /* AppConfiguration.swift */,
				898C587A2792B160006F30A7 /* DIContainer */,
			);
			path = App;
			sourceTree = "<group>";
		};
		898C587A2792B160006F30A7 /* DIContainer */ = {
			isa = PBXGroup;
			children = (
				898C58942792D23A006F30A7 /* AppDIContainer.swift */,
				898C58962792D28B006F30A7 /* GamesAppSceneDIContainer.swift */,
			);
			path = DIContainer;
			sourceTree = "<group>";
		};
		898C587B2792B177006F30A7 /* Presentation */ = {
			isa = PBXGroup;
			children = (
				898C58832792BE21006F30A7 /* GamesScene */,
			);
			path = Presentation;
			sourceTree = "<group>";
		};
		898C587C2792B181006F30A7 /* Data */ = {
			isa = PBXGroup;
			children = (
			);
			path = Data;
			sourceTree = "<group>";
		};
		898C587D2792B19B006F30A7 /* Domain */ = {
			isa = PBXGroup;
			children = (
				89A490E32798218600299F4C /* Entities */,
				89A490E42798219700299F4C /* UseCase */,
				89A490E5279821C600299F4C /* Interfaces */,
			);
			path = Domain;
			sourceTree = "<group>";
		};
		898C587E2792B20D006F30A7 /* Infrastruture */ = {
			isa = PBXGroup;
			children = (
				89CC9DEC2793633B001C762A /* Network */,
			);
			path = Infrastruture;
			sourceTree = "<group>";
		};
		898C587F2792B222006F30A7 /* Common */ = {
			isa = PBXGroup;
			children = (
				89A490EB2798268E00299F4C /* enums.swift */,
			);
			path = Common;
			sourceTree = "<group>";
		};
		898C58802792B230006F30A7 /* Resources */ = {
			isa = PBXGroup;
			children = (
			);
			path = Resources;
			sourceTree = "<group>";
		};
		898C58832792BE21006F30A7 /* GamesScene */ = {
			isa = PBXGroup;
			children = (
				898C58842792BE74006F30A7 /* Flows */,
				8949AD0A2796B6A500B469F0 /* Login */,
				898C58852792BE94006F30A7 /* GamesList */,
				898C58862792BEA5006F30A7 /* GamesDetails */,
			);
			path = GamesScene;
			sourceTree = "<group>";
		};
		898C58842792BE74006F30A7 /* Flows */ = {
			isa = PBXGroup;
			children = (
				8949AD162796C52200B469F0 /* LoginFlowCoordinator.swift */,
			);
			path = Flows;
			sourceTree = "<group>";
		};
		898C58852792BE94006F30A7 /* GamesList */ = {
			isa = PBXGroup;
			children = (
				898C58882792BEFA006F30A7 /* ViewModel */,
				898C58872792BEF1006F30A7 /* View */,
			);
			path = GamesList;
			sourceTree = "<group>";
		};
		898C58862792BEA5006F30A7 /* GamesDetails */ = {
			isa = PBXGroup;
			children = (
				898C588A2792BF08006F30A7 /* ViewModel */,
				898C58892792BF02006F30A7 /* View */,
			);
			path = GamesDetails;
			sourceTree = "<group>";
		};
		898C58872792BEF1006F30A7 /* View */ = {
			isa = PBXGroup;
			children = (
				898C58812792BE12006F30A7 /* GamesListViewController.swift */,
				898C58922792CD01006F30A7 /* GamesListViewController.storyboard */,
			);
			path = View;
			sourceTree = "<group>";
		};
		898C58882792BEFA006F30A7 /* ViewModel */ = {
			isa = PBXGroup;
			children = (
				898C588B2792BF70006F30A7 /* GamesListViewModel.swift */,
			);
			path = ViewModel;
			sourceTree = "<group>";
		};
		898C58892792BF02006F30A7 /* View */ = {
			isa = PBXGroup;
			children = (
				898C589A2792E26F006F30A7 /* GameDetailsViewController.swift */,
				898C589C2792E28B006F30A7 /* GameDetailsViewController.storyboard */,
			);
			path = View;
			sourceTree = "<group>";
		};
		898C588A2792BF08006F30A7 /* ViewModel */ = {
			isa = PBXGroup;
			children = (
				8949ACF02796080F00B469F0 /* GameDetailsViewModel.swift */,
			);
			path = ViewModel;
			sourceTree = "<group>";
		};
		898C588D2792C6C0006F30A7 /* Utils */ = {
			isa = PBXGroup;
			children = (
				89A490EA279824B600299F4C /* New Group */,
				898C588F2792C6FE006F30A7 /* Extensions */,
				898C588E2792C6EE006F30A7 /* Protocols */,
			);
			path = Utils;
			sourceTree = "<group>";
		};
		898C588E2792C6EE006F30A7 /* Protocols */ = {
			isa = PBXGroup;
			children = (
				898C58902792C73C006F30A7 /* Storyboarded.swift */,
			);
			path = Protocols;
			sourceTree = "<group>";
		};
		898C588F2792C6FE006F30A7 /* Extensions */ = {
			isa = PBXGroup;
			children = (
				89A1BEAE2795789600574A52 /* Codables.swift */,
				89A1BEB22795803300574A52 /* Dictionaries.swift */,
			);
			path = Extensions;
			sourceTree = "<group>";
		};
		89A490E32798218600299F4C /* Entities */ = {
			isa = PBXGroup;
			children = (
				89A490F22798325700299F4C /* Request */,
				89A490F12798324900299F4C /* Response */,
				89A490E72798220D00299F4C /* User.swift */,
			);
			path = Entities;
			sourceTree = "<group>";
		};
		89A490E42798219700299F4C /* UseCase */ = {
			isa = PBXGroup;
			children = (
				89A490EE27982FC200299F4C /* LoginUseCase.swift */,
			);
			path = UseCase;
			sourceTree = "<group>";
		};
		89A490E5279821C600299F4C /* Interfaces */ = {
			isa = PBXGroup;
			children = (
				89A490E6279821D200299F4C /* Repositorio */,
			);
			path = Interfaces;
			sourceTree = "<group>";
		};
		89A490E6279821D200299F4C /* Repositorio */ = {
			isa = PBXGroup;
			children = (
			);
			path = Repositorio;
			sourceTree = "<group>";
		};
		89A490EA279824B600299F4C /* New Group */ = {
			isa = PBXGroup;
			children = (
			);
			path = "New Group";
			sourceTree = "<group>";
		};
		89A490F12798324900299F4C /* Response */ = {
			isa = PBXGroup;
			children = (
			);
			path = Response;
			sourceTree = "<group>";
		};
		89A490F22798325700299F4C /* Request */ = {
			isa = PBXGroup;
			children = (
			);
			path = Request;
			sourceTree = "<group>";
		};
		89CC9DEC2793633B001C762A /* Network */ = {
			isa = PBXGroup;
			children = (
				898B0B3F2793ACF1000378D3 /* EndPoint.swift */,
				898B0B432793ADA1000378D3 /* DataTransferService.swift */,
				898B0B412793AD2C000378D3 /* NetworkService.swift */,
				89CC9DED2793637B001C762A /* NetworkConfig.swift */,
				89A1BEB42795862F00574A52 /* JSONResponseDecoder.swift */,
				8949ACF22796176A00B469F0 /* DataTranferErrorResolver.swift */,
				89A1BEAC2795569300574A52 /* RequestMethodTypes.swift */,
			);
			path = Network;
			sourceTree = "<group>";
		};
/* End PBXGroup section */

/* Begin PBXNativeTarget section */
		8949ACF72796B47F00B469F0 /* GamesCleanArchitectureMVVM DEV */ = {
			isa = PBXNativeTarget;
			buildConfigurationList = 8949AD062796B47F00B469F0 /* Build configuration list for PBXNativeTarget "GamesCleanArchitectureMVVM DEV" */;
			buildPhases = (
				8949ACF42796B47F00B469F0 /* Sources */,
				8949ACF52796B47F00B469F0 /* Frameworks */,
				8949ACF62796B47F00B469F0 /* Resources */,
			);
			buildRules = (
			);
			dependencies = (
			);
			name = "GamesCleanArchitectureMVVM DEV";
			productName = "GamesCleanArchitectureMVVM DEV";
			productReference = 8949ACF82796B47F00B469F0 /* GamesCleanArchitectureMVVM DEV.appex */;
			productType = "com.apple.product-type.app-extension";
		};
		898C58422792689C006F30A7 /* GamesCleanArchitectureMVVM */ = {
			isa = PBXNativeTarget;
			buildConfigurationList = 898C5870279268A5006F30A7 /* Build configuration list for PBXNativeTarget "GamesCleanArchitectureMVVM" */;
			buildPhases = (
				898C583F2792689C006F30A7 /* Sources */,
				898C58402792689C006F30A7 /* Frameworks */,
				898C58412792689C006F30A7 /* Resources */,
				8949AD092796B47F00B469F0 /* Embed App Extensions */,
			);
			buildRules = (
			);
			dependencies = (
				8949AD042796B47F00B469F0 /* PBXTargetDependency */,
			);
			name = GamesCleanArchitectureMVVM;
			productName = GamesCleanArchitectureMVVM;
			productReference = 898C58432792689C006F30A7 /* GamesCleanArchitectureMVVM.app */;
			productType = "com.apple.product-type.application";
		};
		898C585B279268A5006F30A7 /* GamesCleanArchitectureMVVMTests */ = {
			isa = PBXNativeTarget;
			buildConfigurationList = 898C5873279268A5006F30A7 /* Build configuration list for PBXNativeTarget "GamesCleanArchitectureMVVMTests" */;
			buildPhases = (
				898C5858279268A5006F30A7 /* Sources */,
				898C5859279268A5006F30A7 /* Frameworks */,
				898C585A279268A5006F30A7 /* Resources */,
			);
			buildRules = (
			);
			dependencies = (
				898C585E279268A5006F30A7 /* PBXTargetDependency */,
			);
			name = GamesCleanArchitectureMVVMTests;
			productName = GamesCleanArchitectureMVVMTests;
			productReference = 898C585C279268A5006F30A7 /* GamesCleanArchitectureMVVMTests.xctest */;
			productType = "com.apple.product-type.bundle.unit-test";
		};
		898C5865279268A5006F30A7 /* GamesCleanArchitectureMVVMUITests */ = {
			isa = PBXNativeTarget;
			buildConfigurationList = 898C5876279268A5006F30A7 /* Build configuration list for PBXNativeTarget "GamesCleanArchitectureMVVMUITests" */;
			buildPhases = (
				898C5862279268A5006F30A7 /* Sources */,
				898C5863279268A5006F30A7 /* Frameworks */,
				898C5864279268A5006F30A7 /* Resources */,
			);
			buildRules = (
			);
			dependencies = (
				898C5868279268A5006F30A7 /* PBXTargetDependency */,
			);
			name = GamesCleanArchitectureMVVMUITests;
			productName = GamesCleanArchitectureMVVMUITests;
			productReference = 898C5866279268A5006F30A7 /* GamesCleanArchitectureMVVMUITests.xctest */;
			productType = "com.apple.product-type.bundle.ui-testing";
		};
/* End PBXNativeTarget section */

/* Begin PBXProject section */
		898C583B2792689C006F30A7 /* Project object */ = {
			isa = PBXProject;
			attributes = {
				BuildIndependentTargetsInParallel = NO;
				LastSwiftUpdateCheck = 1320;
				LastUpgradeCheck = 1320;
				TargetAttributes = {
					8949ACF72796B47F00B469F0 = {
						CreatedOnToolsVersion = 13.2.1;
					};
					898C58422792689C006F30A7 = {
						CreatedOnToolsVersion = 13.2.1;
					};
					898C585B279268A5006F30A7 = {
						CreatedOnToolsVersion = 13.2.1;
						TestTargetID = 898C58422792689C006F30A7;
					};
					898C5865279268A5006F30A7 = {
						CreatedOnToolsVersion = 13.2.1;
						TestTargetID = 898C58422792689C006F30A7;
					};
				};
			};
			buildConfigurationList = 898C583E2792689C006F30A7 /* Build configuration list for PBXProject "GamesCleanArchitectureMVVM" */;
			compatibilityVersion = "Xcode 13.0";
			developmentRegion = en;
			hasScannedForEncodings = 0;
			knownRegions = (
				en,
				Base,
			);
			mainGroup = 898C583A2792689C006F30A7;
			productRefGroup = 898C58442792689C006F30A7 /* Products */;
			projectDirPath = "";
			projectRoot = "";
			targets = (
				898C58422792689C006F30A7 /* GamesCleanArchitectureMVVM */,
				898C585B279268A5006F30A7 /* GamesCleanArchitectureMVVMTests */,
				898C5865279268A5006F30A7 /* GamesCleanArchitectureMVVMUITests */,
				8949ACF72796B47F00B469F0 /* GamesCleanArchitectureMVVM DEV */,
			);
		};
/* End PBXProject section */

/* Begin PBXResourcesBuildPhase section */
		8949ACF62796B47F00B469F0 /* Resources */ = {
			isa = PBXResourcesBuildPhase;
			buildActionMask = 2147483647;
			files = (
				8949AD012796B47F00B469F0 /* MainInterface.storyboard in Resources */,
				8949AD122796B75C00B469F0 /* LoginViewController.storyboard in Resources */,
			);
			runOnlyForDeploymentPostprocessing = 0;
		};
		898C58412792689C006F30A7 /* Resources */ = {
			isa = PBXResourcesBuildPhase;
			buildActionMask = 2147483647;
			files = (
				898C5856279268A3006F30A7 /* LaunchScreen.storyboard in Resources */,
				898C58932792CD01006F30A7 /* GamesListViewController.storyboard in Resources */,
				8949AD112796B75C00B469F0 /* LoginViewController.storyboard in Resources */,
				898C5853279268A3006F30A7 /* Assets.xcassets in Resources */,
				898C589D2792E28B006F30A7 /* GameDetailsViewController.storyboard in Resources */,
			);
			runOnlyForDeploymentPostprocessing = 0;
		};
		898C585A279268A5006F30A7 /* Resources */ = {
			isa = PBXResourcesBuildPhase;
			buildActionMask = 2147483647;
			files = (
			);
			runOnlyForDeploymentPostprocessing = 0;
		};
		898C5864279268A5006F30A7 /* Resources */ = {
			isa = PBXResourcesBuildPhase;
			buildActionMask = 2147483647;
			files = (
			);
			runOnlyForDeploymentPostprocessing = 0;
		};
/* End PBXResourcesBuildPhase section */

/* Begin PBXSourcesBuildPhase section */
		8949ACF42796B47F00B469F0 /* Sources */ = {
			isa = PBXSourcesBuildPhase;
			buildActionMask = 2147483647;
			files = (
				8949AD0F2796B71000B469F0 /* LoginViewController.swift in Sources */,
				8949ACFE2796B47F00B469F0 /* AccountAuthenticationModificationViewController.swift in Sources */,
				8949AD182796C52200B469F0 /* LoginFlowCoordinator.swift in Sources */,
				89A490E92798220D00299F4C /* User.swift in Sources */,
				89A490F027982FC200299F4C /* LoginUseCase.swift in Sources */,
				89A490ED2798268E00299F4C /* enums.swift in Sources */,
				8949AD152796B79C00B469F0 /* LoginViewModel.swift in Sources */,
			);
			runOnlyForDeploymentPostprocessing = 0;
		};
		898C583F2792689C006F30A7 /* Sources */ = {
			isa = PBXSourcesBuildPhase;
			buildActionMask = 2147483647;
			files = (
				8949AD142796B79C00B469F0 /* LoginViewModel.swift in Sources */,
				8949ACF32796176A00B469F0 /* DataTranferErrorResolver.swift in Sources */,
				898B0B402793ACF1000378D3 /* EndPoint.swift in Sources */,
				89A490E82798220D00299F4C /* User.swift in Sources */,
				8949ACF12796080F00B469F0 /* GameDetailsViewModel.swift in Sources */,
				898C58952792D23A006F30A7 /* AppDIContainer.swift in Sources */,
				89A1BEAD2795569300574A52 /* RequestMethodTypes.swift in Sources */,
				898C58822792BE12006F30A7 /* GamesListViewController.swift in Sources */,
				89CC9DEE2793637B001C762A /* NetworkConfig.swift in Sources */,
				898C58992792D320006F30A7 /* AppFlowCoordinator.swift in Sources */,
				898C58512792689C006F30A7 /* GamesCleanArchitectureMVVM.xcdatamodeld in Sources */,
				89A1BEAF2795789600574A52 /* Codables.swift in Sources */,
				8949AD0E2796B71000B469F0 /* LoginViewController.swift in Sources */,
				898B0B422793AD2C000378D3 /* NetworkService.swift in Sources */,
				89A1BEB32795803300574A52 /* Dictionaries.swift in Sources */,
				898C584B2792689C006F30A7 /* ViewController.swift in Sources */,
				89CC9DEB27935BC6001C762A /* AppConfiguration.swift in Sources */,
				898B0B442793ADA1000378D3 /* DataTransferService.swift in Sources */,
				89A490EC2798268E00299F4C /* enums.swift in Sources */,
				898C58972792D28B006F30A7 /* GamesAppSceneDIContainer.swift in Sources */,
				8949AD172796C52200B469F0 /* LoginFlowCoordinator.swift in Sources */,
				89A1BEB52795862F00574A52 /* JSONResponseDecoder.swift in Sources */,
				898C58472792689C006F30A7 /* AppDelegate.swift in Sources */,
				898C589B2792E26F006F30A7 /* GameDetailsViewController.swift in Sources */,
				898C588C2792BF70006F30A7 /* GamesListViewModel.swift in Sources */,
				898C58912792C73C006F30A7 /* Storyboarded.swift in Sources */,
				89A490EF27982FC200299F4C /* LoginUseCase.swift in Sources */,
			);
			runOnlyForDeploymentPostprocessing = 0;
		};
		898C5858279268A5006F30A7 /* Sources */ = {
			isa = PBXSourcesBuildPhase;
			buildActionMask = 2147483647;
			files = (
				898C5861279268A5006F30A7 /* GamesCleanArchitectureMVVMTests.swift in Sources */,
			);
			runOnlyForDeploymentPostprocessing = 0;
		};
		898C5862279268A5006F30A7 /* Sources */ = {
			isa = PBXSourcesBuildPhase;
			buildActionMask = 2147483647;
			files = (
				898C586B279268A5006F30A7 /* GamesCleanArchitectureMVVMUITests.swift in Sources */,
				898C586D279268A5006F30A7 /* GamesCleanArchitectureMVVMUITestsLaunchTests.swift in Sources */,
			);
			runOnlyForDeploymentPostprocessing = 0;
		};
/* End PBXSourcesBuildPhase section */

/* Begin PBXTargetDependency section */
		8949AD042796B47F00B469F0 /* PBXTargetDependency */ = {
			isa = PBXTargetDependency;
			target = 8949ACF72796B47F00B469F0 /* GamesCleanArchitectureMVVM DEV */;
			targetProxy = 8949AD032796B47F00B469F0 /* PBXContainerItemProxy */;
		};
		898C585E279268A5006F30A7 /* PBXTargetDependency */ = {
			isa = PBXTargetDependency;
			target = 898C58422792689C006F30A7 /* GamesCleanArchitectureMVVM */;
			targetProxy = 898C585D279268A5006F30A7 /* PBXContainerItemProxy */;
		};
		898C5868279268A5006F30A7 /* PBXTargetDependency */ = {
			isa = PBXTargetDependency;
			target = 898C58422792689C006F30A7 /* GamesCleanArchitectureMVVM */;
			targetProxy = 898C5867279268A5006F30A7 /* PBXContainerItemProxy */;
		};
/* End PBXTargetDependency section */

/* Begin PBXVariantGroup section */
		8949ACFF2796B47F00B469F0 /* MainInterface.storyboard */ = {
			isa = PBXVariantGroup;
			children = (
				8949AD002796B47F00B469F0 /* Base */,
			);
			name = MainInterface.storyboard;
			sourceTree = "<group>";
		};
		898C5854279268A3006F30A7 /* LaunchScreen.storyboard */ = {
			isa = PBXVariantGroup;
			children = (
				898C5855279268A3006F30A7 /* Base */,
			);
			name = LaunchScreen.storyboard;
			sourceTree = "<group>";
		};
/* End PBXVariantGroup section */

/* Begin XCBuildConfiguration section */
		8949AD072796B47F00B469F0 /* Debug */ = {
			isa = XCBuildConfiguration;
			buildSettings = {
				CODE_SIGN_STYLE = Automatic;
				CURRENT_PROJECT_VERSION = 1;
				DEVELOPMENT_TEAM = 6QNXMD5AL4;
				GENERATE_INFOPLIST_FILE = YES;
				INFOPLIST_FILE = "GamesCleanArchitectureMVVM DEV/Info.plist";
				INFOPLIST_KEY_CFBundleDisplayName = "GamesCleanArchitectureMVVM DEV";
				INFOPLIST_KEY_NSHumanReadableCopyright = "";
				IPHONEOS_DEPLOYMENT_TARGET = 15.2;
				LD_RUNPATH_SEARCH_PATHS = (
					"$(inherited)",
					"@executable_path/Frameworks",
					"@executable_path/../../Frameworks",
				);
				MARKETING_VERSION = 1.0;
				PRODUCT_BUNDLE_IDENTIFIER = "com.org.GamesCleanArchitectureMVVM.GamesCleanArchitectureMVVM-DEV";
				PRODUCT_NAME = "$(TARGET_NAME)";
				SKIP_INSTALL = YES;
				SWIFT_EMIT_LOC_STRINGS = YES;
				SWIFT_VERSION = 5.0;
				TARGETED_DEVICE_FAMILY = "1,2";
			};
			name = Debug;
		};
		8949AD082796B47F00B469F0 /* Release */ = {
			isa = XCBuildConfiguration;
			buildSettings = {
				CODE_SIGN_STYLE = Automatic;
				CURRENT_PROJECT_VERSION = 1;
				DEVELOPMENT_TEAM = 6QNXMD5AL4;
				GENERATE_INFOPLIST_FILE = YES;
				INFOPLIST_FILE = "GamesCleanArchitectureMVVM DEV/Info.plist";
				INFOPLIST_KEY_CFBundleDisplayName = "GamesCleanArchitectureMVVM DEV";
				INFOPLIST_KEY_NSHumanReadableCopyright = "";
				IPHONEOS_DEPLOYMENT_TARGET = 15.2;
				LD_RUNPATH_SEARCH_PATHS = (
					"$(inherited)",
					"@executable_path/Frameworks",
					"@executable_path/../../Frameworks",
				);
				MARKETING_VERSION = 1.0;
				PRODUCT_BUNDLE_IDENTIFIER = "com.org.GamesCleanArchitectureMVVM.GamesCleanArchitectureMVVM-DEV";
				PRODUCT_NAME = "$(TARGET_NAME)";
				SKIP_INSTALL = YES;
				SWIFT_EMIT_LOC_STRINGS = YES;
				SWIFT_VERSION = 5.0;
				TARGETED_DEVICE_FAMILY = "1,2";
			};
			name = Release;
		};
		898C586E279268A5006F30A7 /* Debug */ = {
			isa = XCBuildConfiguration;
			buildSettings = {
				ALWAYS_SEARCH_USER_PATHS = NO;
				CLANG_ANALYZER_NONNULL = YES;
				CLANG_ANALYZER_NUMBER_OBJECT_CONVERSION = YES_AGGRESSIVE;
				CLANG_CXX_LANGUAGE_STANDARD = "gnu++17";
				CLANG_CXX_LIBRARY = "libc++";
				CLANG_ENABLE_MODULES = YES;
				CLANG_ENABLE_OBJC_ARC = YES;
				CLANG_ENABLE_OBJC_WEAK = YES;
				CLANG_WARN_BLOCK_CAPTURE_AUTORELEASING = YES;
				CLANG_WARN_BOOL_CONVERSION = YES;
				CLANG_WARN_COMMA = YES;
				CLANG_WARN_CONSTANT_CONVERSION = YES;
				CLANG_WARN_DEPRECATED_OBJC_IMPLEMENTATIONS = YES;
				CLANG_WARN_DIRECT_OBJC_ISA_USAGE = YES_ERROR;
				CLANG_WARN_DOCUMENTATION_COMMENTS = YES;
				CLANG_WARN_EMPTY_BODY = YES;
				CLANG_WARN_ENUM_CONVERSION = YES;
				CLANG_WARN_INFINITE_RECURSION = YES;
				CLANG_WARN_INT_CONVERSION = YES;
				CLANG_WARN_NON_LITERAL_NULL_CONVERSION = YES;
				CLANG_WARN_OBJC_IMPLICIT_RETAIN_SELF = YES;
				CLANG_WARN_OBJC_LITERAL_CONVERSION = YES;
				CLANG_WARN_OBJC_ROOT_CLASS = YES_ERROR;
				CLANG_WARN_QUOTED_INCLUDE_IN_FRAMEWORK_HEADER = YES;
				CLANG_WARN_RANGE_LOOP_ANALYSIS = YES;
				CLANG_WARN_STRICT_PROTOTYPES = YES;
				CLANG_WARN_SUSPICIOUS_MOVE = YES;
				CLANG_WARN_UNGUARDED_AVAILABILITY = YES_AGGRESSIVE;
				CLANG_WARN_UNREACHABLE_CODE = YES;
				CLANG_WARN__DUPLICATE_METHOD_MATCH = YES;
				COPY_PHASE_STRIP = NO;
				DEBUG_INFORMATION_FORMAT = dwarf;
				ENABLE_STRICT_OBJC_MSGSEND = YES;
				ENABLE_TESTABILITY = YES;
				GCC_C_LANGUAGE_STANDARD = gnu11;
				GCC_DYNAMIC_NO_PIC = NO;
				GCC_NO_COMMON_BLOCKS = YES;
				GCC_OPTIMIZATION_LEVEL = 0;
				GCC_PREPROCESSOR_DEFINITIONS = (
					"DEBUG=1",
					"$(inherited)",
				);
				GCC_WARN_64_TO_32_BIT_CONVERSION = YES;
				GCC_WARN_ABOUT_RETURN_TYPE = YES_ERROR;
				GCC_WARN_UNDECLARED_SELECTOR = YES;
				GCC_WARN_UNINITIALIZED_AUTOS = YES_AGGRESSIVE;
				GCC_WARN_UNUSED_FUNCTION = YES;
				GCC_WARN_UNUSED_VARIABLE = YES;
				IPHONEOS_DEPLOYMENT_TARGET = 11.0;
				MTL_ENABLE_DEBUG_INFO = INCLUDE_SOURCE;
				MTL_FAST_MATH = YES;
				ONLY_ACTIVE_ARCH = YES;
				SDKROOT = iphoneos;
				SWIFT_ACTIVE_COMPILATION_CONDITIONS = DEBUG;
				SWIFT_OPTIMIZATION_LEVEL = "-Onone";
			};
			name = Debug;
		};
		898C586F279268A5006F30A7 /* Release */ = {
			isa = XCBuildConfiguration;
			buildSettings = {
				ALWAYS_SEARCH_USER_PATHS = NO;
				CLANG_ANALYZER_NONNULL = YES;
				CLANG_ANALYZER_NUMBER_OBJECT_CONVERSION = YES_AGGRESSIVE;
				CLANG_CXX_LANGUAGE_STANDARD = "gnu++17";
				CLANG_CXX_LIBRARY = "libc++";
				CLANG_ENABLE_MODULES = YES;
				CLANG_ENABLE_OBJC_ARC = YES;
				CLANG_ENABLE_OBJC_WEAK = YES;
				CLANG_WARN_BLOCK_CAPTURE_AUTORELEASING = YES;
				CLANG_WARN_BOOL_CONVERSION = YES;
				CLANG_WARN_COMMA = YES;
				CLANG_WARN_CONSTANT_CONVERSION = YES;
				CLANG_WARN_DEPRECATED_OBJC_IMPLEMENTATIONS = YES;
				CLANG_WARN_DIRECT_OBJC_ISA_USAGE = YES_ERROR;
				CLANG_WARN_DOCUMENTATION_COMMENTS = YES;
				CLANG_WARN_EMPTY_BODY = YES;
				CLANG_WARN_ENUM_CONVERSION = YES;
				CLANG_WARN_INFINITE_RECURSION = YES;
				CLANG_WARN_INT_CONVERSION = YES;
				CLANG_WARN_NON_LITERAL_NULL_CONVERSION = YES;
				CLANG_WARN_OBJC_IMPLICIT_RETAIN_SELF = YES;
				CLANG_WARN_OBJC_LITERAL_CONVERSION = YES;
				CLANG_WARN_OBJC_ROOT_CLASS = YES_ERROR;
				CLANG_WARN_QUOTED_INCLUDE_IN_FRAMEWORK_HEADER = YES;
				CLANG_WARN_RANGE_LOOP_ANALYSIS = YES;
				CLANG_WARN_STRICT_PROTOTYPES = YES;
				CLANG_WARN_SUSPICIOUS_MOVE = YES;
				CLANG_WARN_UNGUARDED_AVAILABILITY = YES_AGGRESSIVE;
				CLANG_WARN_UNREACHABLE_CODE = YES;
				CLANG_WARN__DUPLICATE_METHOD_MATCH = YES;
				COPY_PHASE_STRIP = NO;
				DEBUG_INFORMATION_FORMAT = "dwarf-with-dsym";
				ENABLE_NS_ASSERTIONS = NO;
				ENABLE_STRICT_OBJC_MSGSEND = YES;
				GCC_C_LANGUAGE_STANDARD = gnu11;
				GCC_NO_COMMON_BLOCKS = YES;
				GCC_WARN_64_TO_32_BIT_CONVERSION = YES;
				GCC_WARN_ABOUT_RETURN_TYPE = YES_ERROR;
				GCC_WARN_UNDECLARED_SELECTOR = YES;
				GCC_WARN_UNINITIALIZED_AUTOS = YES_AGGRESSIVE;
				GCC_WARN_UNUSED_FUNCTION = YES;
				GCC_WARN_UNUSED_VARIABLE = YES;
				IPHONEOS_DEPLOYMENT_TARGET = 11.0;
				MTL_ENABLE_DEBUG_INFO = NO;
				MTL_FAST_MATH = YES;
				SDKROOT = iphoneos;
				SWIFT_COMPILATION_MODE = wholemodule;
				SWIFT_OPTIMIZATION_LEVEL = "-O";
				VALIDATE_PRODUCT = YES;
			};
			name = Release;
		};
		898C5871279268A5006F30A7 /* Debug */ = {
			isa = XCBuildConfiguration;
			buildSettings = {
				ALWAYS_EMBED_SWIFT_STANDARD_LIBRARIES = YES;
				ASSETCATALOG_COMPILER_APPICON_NAME = AppIcon;
				ASSETCATALOG_COMPILER_GLOBAL_ACCENT_COLOR_NAME = AccentColor;
				BASE_URL = "https://gamestream-api.herokuapp.com";
				CODE_SIGN_STYLE = Automatic;
				CURRENT_PROJECT_VERSION = 1;
				DEVELOPMENT_TEAM = 6QNXMD5AL4;
				GENERATE_INFOPLIST_FILE = YES;
				INFOPLIST_FILE = GamesCleanArchitectureMVVM/Info.plist;
				INFOPLIST_KEY_UIApplicationSupportsIndirectInputEvents = YES;
				INFOPLIST_KEY_UILaunchStoryboardName = LaunchScreen;
				INFOPLIST_KEY_UIRequiredDeviceCapabilities = armv7;
				INFOPLIST_KEY_UISupportedInterfaceOrientations = "UIInterfaceOrientationPortrait UIInterfaceOrientationLandscapeLeft UIInterfaceOrientationLandscapeRight";
				INFOPLIST_KEY_UISupportedInterfaceOrientations_iPad = "UIInterfaceOrientationPortrait UIInterfaceOrientationPortraitUpsideDown UIInterfaceOrientationLandscapeLeft UIInterfaceOrientationLandscapeRight";
				INFOPLIST_KEY_UISupportedInterfaceOrientations_iPhone = "UIInterfaceOrientationPortrait UIInterfaceOrientationLandscapeLeft UIInterfaceOrientationLandscapeRight";
				IPHONEOS_DEPLOYMENT_TARGET = 11.0;
				LD_RUNPATH_SEARCH_PATHS = (
					"$(inherited)",
					"@executable_path/Frameworks",
				);
				MARKETING_VERSION = 1.0;
				PRODUCT_BUNDLE_IDENTIFIER = com.org.GamesCleanArchitectureMVVM;
				PRODUCT_NAME = "$(TARGET_NAME)";
				SWIFT_EMIT_LOC_STRINGS = YES;
				SWIFT_VERSION = 5.0;
				TARGETED_DEVICE_FAMILY = "1,2";
			};
			name = Debug;
		};
		898C5872279268A5006F30A7 /* Release */ = {
			isa = XCBuildConfiguration;
			buildSettings = {
				ALWAYS_EMBED_SWIFT_STANDARD_LIBRARIES = YES;
				ASSETCATALOG_COMPILER_APPICON_NAME = AppIcon;
				ASSETCATALOG_COMPILER_GLOBAL_ACCENT_COLOR_NAME = AccentColor;
				BASE_URL = "https://gamestream-api.herokuapp.com";
				CODE_SIGN_STYLE = Automatic;
				CURRENT_PROJECT_VERSION = 1;
				DEVELOPMENT_TEAM = 6QNXMD5AL4;
				GENERATE_INFOPLIST_FILE = YES;
				INFOPLIST_FILE = GamesCleanArchitectureMVVM/Info.plist;
				INFOPLIST_KEY_UIApplicationSupportsIndirectInputEvents = YES;
				INFOPLIST_KEY_UILaunchStoryboardName = LaunchScreen;
				INFOPLIST_KEY_UIRequiredDeviceCapabilities = armv7;
				INFOPLIST_KEY_UISupportedInterfaceOrientations = "UIInterfaceOrientationPortrait UIInterfaceOrientationLandscapeLeft UIInterfaceOrientationLandscapeRight";
				INFOPLIST_KEY_UISupportedInterfaceOrientations_iPad = "UIInterfaceOrientationPortrait UIInterfaceOrientationPortraitUpsideDown UIInterfaceOrientationLandscapeLeft UIInterfaceOrientationLandscapeRight";
				INFOPLIST_KEY_UISupportedInterfaceOrientations_iPhone = "UIInterfaceOrientationPortrait UIInterfaceOrientationLandscapeLeft UIInterfaceOrientationLandscapeRight";
				IPHONEOS_DEPLOYMENT_TARGET = 11.0;
				LD_RUNPATH_SEARCH_PATHS = (
					"$(inherited)",
					"@executable_path/Frameworks",
				);
				MARKETING_VERSION = 1.0;
				PRODUCT_BUNDLE_IDENTIFIER = com.org.GamesCleanArchitectureMVVM;
				PRODUCT_NAME = "$(TARGET_NAME)";
				SWIFT_EMIT_LOC_STRINGS = YES;
				SWIFT_VERSION = 5.0;
				TARGETED_DEVICE_FAMILY = "1,2";
			};
			name = Release;
		};
		898C5874279268A5006F30A7 /* Debug */ = {
			isa = XCBuildConfiguration;
			buildSettings = {
				ALWAYS_EMBED_SWIFT_STANDARD_LIBRARIES = YES;
				BUNDLE_LOADER = "$(TEST_HOST)";
				CODE_SIGN_STYLE = Automatic;
				CURRENT_PROJECT_VERSION = 1;
				DEVELOPMENT_TEAM = 6QNXMD5AL4;
				GENERATE_INFOPLIST_FILE = YES;
				IPHONEOS_DEPLOYMENT_TARGET = 15.2;
				MARKETING_VERSION = 1.0;
				PRODUCT_BUNDLE_IDENTIFIER = com.org.GamesCleanArchitectureMVVMTests;
				PRODUCT_NAME = "$(TARGET_NAME)";
				SWIFT_EMIT_LOC_STRINGS = NO;
				SWIFT_VERSION = 5.0;
				TARGETED_DEVICE_FAMILY = "1,2";
				TEST_HOST = "$(BUILT_PRODUCTS_DIR)/GamesCleanArchitectureMVVM.app/GamesCleanArchitectureMVVM";
			};
			name = Debug;
		};
		898C5875279268A5006F30A7 /* Release */ = {
			isa = XCBuildConfiguration;
			buildSettings = {
				ALWAYS_EMBED_SWIFT_STANDARD_LIBRARIES = YES;
				BUNDLE_LOADER = "$(TEST_HOST)";
				CODE_SIGN_STYLE = Automatic;
				CURRENT_PROJECT_VERSION = 1;
				DEVELOPMENT_TEAM = 6QNXMD5AL4;
				GENERATE_INFOPLIST_FILE = YES;
				IPHONEOS_DEPLOYMENT_TARGET = 15.2;
				MARKETING_VERSION = 1.0;
				PRODUCT_BUNDLE_IDENTIFIER = com.org.GamesCleanArchitectureMVVMTests;
				PRODUCT_NAME = "$(TARGET_NAME)";
				SWIFT_EMIT_LOC_STRINGS = NO;
				SWIFT_VERSION = 5.0;
				TARGETED_DEVICE_FAMILY = "1,2";
				TEST_HOST = "$(BUILT_PRODUCTS_DIR)/GamesCleanArchitectureMVVM.app/GamesCleanArchitectureMVVM";
			};
			name = Release;
		};
		898C5877279268A5006F30A7 /* Debug */ = {
			isa = XCBuildConfiguration;
			buildSettings = {
				ALWAYS_EMBED_SWIFT_STANDARD_LIBRARIES = YES;
				CODE_SIGN_STYLE = Automatic;
				CURRENT_PROJECT_VERSION = 1;
				DEVELOPMENT_TEAM = 6QNXMD5AL4;
				GENERATE_INFOPLIST_FILE = YES;
				MARKETING_VERSION = 1.0;
				PRODUCT_BUNDLE_IDENTIFIER = com.org.GamesCleanArchitectureMVVMUITests;
				PRODUCT_NAME = "$(TARGET_NAME)";
				SWIFT_EMIT_LOC_STRINGS = NO;
				SWIFT_VERSION = 5.0;
				TARGETED_DEVICE_FAMILY = "1,2";
				TEST_TARGET_NAME = GamesCleanArchitectureMVVM;
			};
			name = Debug;
		};
		898C5878279268A5006F30A7 /* Release */ = {
			isa = XCBuildConfiguration;
			buildSettings = {
				ALWAYS_EMBED_SWIFT_STANDARD_LIBRARIES = YES;
				CODE_SIGN_STYLE = Automatic;
				CURRENT_PROJECT_VERSION = 1;
				DEVELOPMENT_TEAM = 6QNXMD5AL4;
				GENERATE_INFOPLIST_FILE = YES;
				MARKETING_VERSION = 1.0;
				PRODUCT_BUNDLE_IDENTIFIER = com.org.GamesCleanArchitectureMVVMUITests;
				PRODUCT_NAME = "$(TARGET_NAME)";
				SWIFT_EMIT_LOC_STRINGS = NO;
				SWIFT_VERSION = 5.0;
				TARGETED_DEVICE_FAMILY = "1,2";
				TEST_TARGET_NAME = GamesCleanArchitectureMVVM;
			};
			name = Release;
		};
/* End XCBuildConfiguration section */

/* Begin XCConfigurationList section */
		8949AD062796B47F00B469F0 /* Build configuration list for PBXNativeTarget "GamesCleanArchitectureMVVM DEV" */ = {
			isa = XCConfigurationList;
			buildConfigurations = (
				8949AD072796B47F00B469F0 /* Debug */,
				8949AD082796B47F00B469F0 /* Release */,
			);
			defaultConfigurationIsVisible = 0;
			defaultConfigurationName = Release;
		};
		898C583E2792689C006F30A7 /* Build configuration list for PBXProject "GamesCleanArchitectureMVVM" */ = {
			isa = XCConfigurationList;
			buildConfigurations = (
				898C586E279268A5006F30A7 /* Debug */,
				898C586F279268A5006F30A7 /* Release */,
			);
			defaultConfigurationIsVisible = 0;
			defaultConfigurationName = Release;
		};
		898C5870279268A5006F30A7 /* Build configuration list for PBXNativeTarget "GamesCleanArchitectureMVVM" */ = {
			isa = XCConfigurationList;
			buildConfigurations = (
				898C5871279268A5006F30A7 /* Debug */,
				898C5872279268A5006F30A7 /* Release */,
			);
			defaultConfigurationIsVisible = 0;
			defaultConfigurationName = Release;
		};
		898C5873279268A5006F30A7 /* Build configuration list for PBXNativeTarget "GamesCleanArchitectureMVVMTests" */ = {
			isa = XCConfigurationList;
			buildConfigurations = (
				898C5874279268A5006F30A7 /* Debug */,
				898C5875279268A5006F30A7 /* Release */,
			);
			defaultConfigurationIsVisible = 0;
			defaultConfigurationName = Release;
		};
		898C5876279268A5006F30A7 /* Build configuration list for PBXNativeTarget "GamesCleanArchitectureMVVMUITests" */ = {
			isa = XCConfigurationList;
			buildConfigurations = (
				898C5877279268A5006F30A7 /* Debug */,
				898C5878279268A5006F30A7 /* Release */,
			);
			defaultConfigurationIsVisible = 0;
			defaultConfigurationName = Release;
		};
/* End XCConfigurationList section */

/* Begin XCVersionGroup section */
		898C584F2792689C006F30A7 /* GamesCleanArchitectureMVVM.xcdatamodeld */ = {
			isa = XCVersionGroup;
			children = (
				898C58502792689C006F30A7 /* GamesCleanArchitectureMVVM.xcdatamodel */,
			);
			currentVersion = 898C58502792689C006F30A7 /* GamesCleanArchitectureMVVM.xcdatamodel */;
			path = GamesCleanArchitectureMVVM.xcdatamodeld;
			sourceTree = "<group>";
			versionGroupType = wrapper.xcdatamodel;
		};
/* End XCVersionGroup section */
	};
	rootObject = 898C583B2792689C006F30A7 /* Project object */;
}
